{
  "name": "anime-service-web",
  "lockfileVersion": 3,
  "requires": true,
  "packages": {
    "": {
      "name": "anime-service-web",
      "dependencies": {
        "artplayer": "5.4.0",
        "artplayer-plugin-danmuku": "5.3.0",
        "libass-wasm": "4.1.0"
      }
    },
    "node_modules/artplayer": {
      "version": "5.4.0",
      "resolved": "https://registry.npmjs.org/artplayer/-/artplayer-5.4.0.tgz",
      "integrity": "sha512-2B+plbx8N2yNsjK4nJU3+EOG8TULm1LRZk/QPkWRAMEX2Ee/MSnZG/WJYz8kcoZxZuLKcQ3uXifqLuPxZOH29A==",
      "license": "MIT",
      "dependencies": {
        "option-validator": "^2.0.6"
      }
    },
    "node_modules/artplayer-plugin-danmuku": {
      "version": "5.3.0",
      "resolved": "https://registry.npmjs.org/artplayer-plugin-danmuku/-/artplayer-plugin-danmuku-5.3.0.tgz",
      "integrity": "sha512-a76bU1cWEZr53hD1X8IHfOzS4QawGHn8dQ3fIYyJ5TsyhTSnznhi2WzkS8M7LL3H02ekXRZTUFan9+9EERk12g==",
      "license": "MIT"
    },
    "node_modules/kind-of": {
      "version": "6.0.3",
      "resolved": "https://registry.npmjs.org/kind-of/-/kind-of-6.0.3.tgz",
      "integrity": "sha512-dcS1ul+9tmeD95T+x28/ehLgd9mENa3LsvDTtzm3vyBEO7RPptvAD+t44WVXaUjTBRcrpFeFlC8WCruUR456hw==",
      "license": "MIT",
      "engines": {
        "node": ">=0.10.0"
      }
    },
    "node_modules/libass-wasm": {
      "version": "4.1.0",
      "resolved": "https://registry.npmjs.org/libass-wasm/-/libass-wasm-4.1.0.tgz",
      "integrity": "sha512-+RbYT/uuI6VHExCmGyUuMg3A2gQOaCRTzSn8GGDSf3q4cEoUNiINd9u4RGfZXA1UKafW+Hv8bmcKIX4FKbSh0Q==",
      "license": "LGPL-2.1-or-later AND (FTL OR GPL-2.0-or-later) AND MIT AND MIT-Modern-Variant AND ISC AND NTP AND Zlib AND BSL-1.0"
    },
    "node_modules/option-validator": {
      "version": "2.0.6",
      "resolved": "https://registry.npmjs.org/option-validator/-/option-validator-2.0.6.tgz",
      "integrity": "sha512-tmZDan2LRIRQyhUGvkff68/O0R8UmF+Btmiiz0SmSw2ng3CfPZB9wJlIjHpe/MKUZqyIZkVIXCrwr1tIN+0Dzg==",
      "license": "MIT",
      "dependencies": {
        "kind-of": "^6.0.3"
      }
    }
  }
}
